
Microsoft Visual Studio Solution File, Format Version 12.00
# Visual Studio Version 16
VisualStudioVersion = 16.0.30907.101
MinimumVisualStudioVersion = 10.0.40219.1
Project("{FAE04EC0-301F-11D3-BF4B-00C04F79EFBC}") = "AppMvcBasica", "AppMvcBasica\AppMvcBasica.csproj", "{389C792C-6127-4150-AE84-4BFD111E3667}"
EndProject
Global
	GlobalSection(SolutionConfigurationPlatforms) = preSolution
		Debug|Any CPU = Debug|Any CPU
		Release|Any CPU = Release|Any CPU
	EndGlobalSection
	GlobalSection(ProjectConfigurationPlatforms) = postSolution
		{389C792C-6127-4150-AE84-4BFD111E3667}.Debug|Any CPU.ActiveCfg = Debug|Any CPU
		{389C792C-6127-4150-AE84-4BFD111E3667}.Debug|Any CPU.Build.0 = Debug|Any CPU
		{389C792C-6127-4150-AE84-4BFD111E3667}.Release|Any CPU.ActiveCfg = Release|Any CPU
		{389C792C-6127-4150-AE84-4BFD111E3667}.Release|Any CPU.Build.0 = Release|Any CPU
	EndGlobalSection
	GlobalSection(SolutionProperties) = preSolution
		HideSolutionNode = FALSE
	EndGlobalSection
	GlobalSection(ExtensibilityGlobals) = postSolution
		SolutionGuid = {F2635EF5-A6EB-4B31-B788-B170BD7F0B62}
	EndGlobalSection
EndGlobal
